{
  "requires": true,
  "lockfileVersion": 1,
  "dependencies": {
    "bootstrap-material-design": {
      "version": "4.1.2",
      "resolved": "https://registry.npmjs.org/bootstrap-material-design/-/bootstrap-material-design-4.1.2.tgz",
      "integrity": "sha512-hKeUkOM6g2DqpktvEMHrIDpQ5qupV4DSeKlJSJ60tLFQ+8tPlszVCa3JVLTV+ZFbJRMb0UA6UWTsnjW57kYNeg=="
    }
  }
}
